
Microsoft Visual Studio Solution File, Format Version 12.00
# Visual Studio 15
VisualStudioVersion = 15.0.28010.2041
MinimumVisualStudioVersion = 10.0.40219.1
Project("{9A19103F-16F7-4668-BE54-9A1E7A4F7556}") = "Task_1_Extra", "Task_1_Extra\Task_1_Extra.csproj", "{64B3FDFA-29D2-48A2-9350-08656ED16A61}"
	ProjectSection(ProjectDependencies) = postProject
		{F8E68B99-A49F-4B7C-BA8B-57BB17571F29} = {F8E68B99-A49F-4B7C-BA8B-57BB17571F29}
	EndProjectSection
EndProject
Project("{9A19103F-16F7-4668-BE54-9A1E7A4F7556}") = "Task_1_Extra.Application", "Task_1_Extra.Application\Task_1_Extra.Application.csproj", "{F8E68B99-A49F-4B7C-BA8B-57BB17571F29}"
EndProject
Project("{9A19103F-16F7-4668-BE54-9A1E7A4F7556}") = "Task_1_Extra.Infrastructure", "Task_1_Extra.Infrastructure\Task_1_Extra.Infrastructure.csproj", "{DC03DACA-1A68-4B1B-8EE1-7ADC9E629AA2}"
EndProject
Project("{2150E333-8FDC-42A3-9474-1A3956D46DE8}") = "Tests", "Tests", "{3EA75982-A1E0-4C35-835E-90F0D29A8894}"
EndProject
Project("{2150E333-8FDC-42A3-9474-1A3956D46DE8}") = "Src", "Src", "{809A87A0-A199-4ACE-9EE2-CCAABEE062C1}"
EndProject
Project("{2150E333-8FDC-42A3-9474-1A3956D46DE8}") = "Presentation", "Presentation", "{E9EC8315-2B2A-471F-821F-9039AA0FE6E8}"
EndProject
Project("{2150E333-8FDC-42A3-9474-1A3956D46DE8}") = "Core", "Core", "{D2189E4B-7A36-4EF3-A2F6-3AD2F4AE3679}"
EndProject
Project("{2150E333-8FDC-42A3-9474-1A3956D46DE8}") = "Infrastructure", "Infrastructure", "{8C1340EA-B93E-4CAC-B0ED-A78388E35E78}"
EndProject
Project("{9A19103F-16F7-4668-BE54-9A1E7A4F7556}") = "Task_1_Extra.Application.Tests", "Task_1_Extra.Application.Tests\Task_1_Extra.Application.Tests.csproj", "{912288CB-F783-4887-AF59-07F18492770B}"
EndProject
Project("{FAE04EC0-301F-11D3-BF4B-00C04F79EFBC}") = "Task_1_Extra.Persistence", "Task_1_Extra.Persistence\Task_1_Extra.Persistence.csproj", "{A0249207-E06C-4236-9921-0DE91CF1EFAF}"
EndProject
Global
	GlobalSection(SolutionConfigurationPlatforms) = preSolution
		Debug|Any CPU = Debug|Any CPU
		Release|Any CPU = Release|Any CPU
	EndGlobalSection
	GlobalSection(ProjectConfigurationPlatforms) = postSolution
		{64B3FDFA-29D2-48A2-9350-08656ED16A61}.Debug|Any CPU.ActiveCfg = Debug|Any CPU
		{64B3FDFA-29D2-48A2-9350-08656ED16A61}.Debug|Any CPU.Build.0 = Debug|Any CPU
		{64B3FDFA-29D2-48A2-9350-08656ED16A61}.Release|Any CPU.ActiveCfg = Release|Any CPU
		{64B3FDFA-29D2-48A2-9350-08656ED16A61}.Release|Any CPU.Build.0 = Release|Any CPU
		{F8E68B99-A49F-4B7C-BA8B-57BB17571F29}.Debug|Any CPU.ActiveCfg = Debug|Any CPU
		{F8E68B99-A49F-4B7C-BA8B-57BB17571F29}.Debug|Any CPU.Build.0 = Debug|Any CPU
		{F8E68B99-A49F-4B7C-BA8B-57BB17571F29}.Release|Any CPU.ActiveCfg = Release|Any CPU
		{F8E68B99-A49F-4B7C-BA8B-57BB17571F29}.Release|Any CPU.Build.0 = Release|Any CPU
		{DC03DACA-1A68-4B1B-8EE1-7ADC9E629AA2}.Debug|Any CPU.ActiveCfg = Debug|Any CPU
		{DC03DACA-1A68-4B1B-8EE1-7ADC9E629AA2}.Debug|Any CPU.Build.0 = Debug|Any CPU
		{DC03DACA-1A68-4B1B-8EE1-7ADC9E629AA2}.Release|Any CPU.ActiveCfg = Release|Any CPU
		{DC03DACA-1A68-4B1B-8EE1-7ADC9E629AA2}.Release|Any CPU.Build.0 = Release|Any CPU
		{912288CB-F783-4887-AF59-07F18492770B}.Debug|Any CPU.ActiveCfg = Debug|Any CPU
		{912288CB-F783-4887-AF59-07F18492770B}.Debug|Any CPU.Build.0 = Debug|Any CPU
		{912288CB-F783-4887-AF59-07F18492770B}.Release|Any CPU.ActiveCfg = Release|Any CPU
		{912288CB-F783-4887-AF59-07F18492770B}.Release|Any CPU.Build.0 = Release|Any CPU
		{A0249207-E06C-4236-9921-0DE91CF1EFAF}.Debug|Any CPU.ActiveCfg = Debug|Any CPU
		{A0249207-E06C-4236-9921-0DE91CF1EFAF}.Debug|Any CPU.Build.0 = Debug|Any CPU
		{A0249207-E06C-4236-9921-0DE91CF1EFAF}.Release|Any CPU.ActiveCfg = Release|Any CPU
		{A0249207-E06C-4236-9921-0DE91CF1EFAF}.Release|Any CPU.Build.0 = Release|Any CPU
	EndGlobalSection
	GlobalSection(SolutionProperties) = preSolution
		HideSolutionNode = FALSE
	EndGlobalSection
	GlobalSection(NestedProjects) = preSolution
		{64B3FDFA-29D2-48A2-9350-08656ED16A61} = {E9EC8315-2B2A-471F-821F-9039AA0FE6E8}
		{F8E68B99-A49F-4B7C-BA8B-57BB17571F29} = {D2189E4B-7A36-4EF3-A2F6-3AD2F4AE3679}
		{DC03DACA-1A68-4B1B-8EE1-7ADC9E629AA2} = {8C1340EA-B93E-4CAC-B0ED-A78388E35E78}
		{E9EC8315-2B2A-471F-821F-9039AA0FE6E8} = {809A87A0-A199-4ACE-9EE2-CCAABEE062C1}
		{D2189E4B-7A36-4EF3-A2F6-3AD2F4AE3679} = {809A87A0-A199-4ACE-9EE2-CCAABEE062C1}
		{8C1340EA-B93E-4CAC-B0ED-A78388E35E78} = {809A87A0-A199-4ACE-9EE2-CCAABEE062C1}
		{912288CB-F783-4887-AF59-07F18492770B} = {3EA75982-A1E0-4C35-835E-90F0D29A8894}
		{A0249207-E06C-4236-9921-0DE91CF1EFAF} = {8C1340EA-B93E-4CAC-B0ED-A78388E35E78}
	EndGlobalSection
	GlobalSection(ExtensibilityGlobals) = postSolution
		SolutionGuid = {EC536EFA-9EDB-4B97-912F-A951C42D4975}
	EndGlobalSection
EndGlobal
